
Microsoft Visual Studio Solution File, Format Version 12.00
# Visual Studio Version 17
VisualStudioVersion = 17.6.33723.286
MinimumVisualStudioVersion = 10.0.40219.1
Project("{2150E333-8FDC-42A3-9474-1A3956D46DE8}") = "Services", "Services", "{13FC8BC8-1519-48C9-80AB-4D10596F404F}"
EndProject
Project("{2150E333-8FDC-42A3-9474-1A3956D46DE8}") = "Catalog", "Catalog", "{D9F643F7-0223-42C9-B04A-2D285973F3CF}"
EndProject
Project("{9A19103F-16F7-4668-BE54-9A1E7A4F7556}") = "Catalog.API", "Services\Catalog\Catalog.API\Catalog.API.csproj", "{BFE175BC-BF44-4FCE-9F58-ACE1AB0F6E8C}"
EndProject
Project("{E53339B2-1760-4266-BCC7-CA923CBCF16C}") = "docker-compose", "docker-compose.dcproj", "{731E58FB-B659-4BBA-BD70-184B8374EBAA}"
EndProject
Project("{2150E333-8FDC-42A3-9474-1A3956D46DE8}") = "Basket", "Basket", "{2E3E8CB0-D75B-4D70-92BB-DF54787207CE}"
EndProject
Project("{FAE04EC0-301F-11D3-BF4B-00C04F79EFBC}") = "Basket.API", "Services\Basket\Basket.API\Basket.API.csproj", "{237659BC-56BC-4602-B27D-9FE6C225B5B8}"
EndProject
Global
	GlobalSection(SolutionConfigurationPlatforms) = preSolution
		Debug|Any CPU = Debug|Any CPU
		Release|Any CPU = Release|Any CPU
	EndGlobalSection
	GlobalSection(ProjectConfigurationPlatforms) = postSolution
		{BFE175BC-BF44-4FCE-9F58-ACE1AB0F6E8C}.Debug|Any CPU.ActiveCfg = Debug|Any CPU
		{BFE175BC-BF44-4FCE-9F58-ACE1AB0F6E8C}.Debug|Any CPU.Build.0 = Debug|Any CPU
		{BFE175BC-BF44-4FCE-9F58-ACE1AB0F6E8C}.Release|Any CPU.ActiveCfg = Release|Any CPU
		{BFE175BC-BF44-4FCE-9F58-ACE1AB0F6E8C}.Release|Any CPU.Build.0 = Release|Any CPU
		{731E58FB-B659-4BBA-BD70-184B8374EBAA}.Debug|Any CPU.ActiveCfg = Debug|Any CPU
		{731E58FB-B659-4BBA-BD70-184B8374EBAA}.Debug|Any CPU.Build.0 = Debug|Any CPU
		{731E58FB-B659-4BBA-BD70-184B8374EBAA}.Release|Any CPU.ActiveCfg = Release|Any CPU
		{731E58FB-B659-4BBA-BD70-184B8374EBAA}.Release|Any CPU.Build.0 = Release|Any CPU
		{237659BC-56BC-4602-B27D-9FE6C225B5B8}.Debug|Any CPU.ActiveCfg = Debug|Any CPU
		{237659BC-56BC-4602-B27D-9FE6C225B5B8}.Debug|Any CPU.Build.0 = Debug|Any CPU
		{237659BC-56BC-4602-B27D-9FE6C225B5B8}.Release|Any CPU.ActiveCfg = Release|Any CPU
		{237659BC-56BC-4602-B27D-9FE6C225B5B8}.Release|Any CPU.Build.0 = Release|Any CPU
	EndGlobalSection
	GlobalSection(SolutionProperties) = preSolution
		HideSolutionNode = FALSE
	EndGlobalSection
	GlobalSection(NestedProjects) = preSolution
		{D9F643F7-0223-42C9-B04A-2D285973F3CF} = {13FC8BC8-1519-48C9-80AB-4D10596F404F}
		{BFE175BC-BF44-4FCE-9F58-ACE1AB0F6E8C} = {D9F643F7-0223-42C9-B04A-2D285973F3CF}
		{2E3E8CB0-D75B-4D70-92BB-DF54787207CE} = {13FC8BC8-1519-48C9-80AB-4D10596F404F}
		{237659BC-56BC-4602-B27D-9FE6C225B5B8} = {2E3E8CB0-D75B-4D70-92BB-DF54787207CE}
	EndGlobalSection
	GlobalSection(ExtensibilityGlobals) = postSolution
		SolutionGuid = {8C45B619-0EA2-4716-97CF-D57B67D3FD58}
	EndGlobalSection
EndGlobal
