
Microsoft Visual Studio Solution File, Format Version 12.00
# Visual Studio Version 17
VisualStudioVersion = 17.6.33723.286
MinimumVisualStudioVersion = 10.0.40219.1
Project("{2150E333-8FDC-42A3-9474-1A3956D46DE8}") = "Services", "Services", "{13FC8BC8-1519-48C9-80AB-4D10596F404F}"
EndProject
Project("{2150E333-8FDC-42A3-9474-1A3956D46DE8}") = "Catalog", "Catalog", "{D9F643F7-0223-42C9-B04A-2D285973F3CF}"
EndProject
Project("{9A19103F-16F7-4668-BE54-9A1E7A4F7556}") = "Catalog.API", "Services\Catalog\Catalog.API\Catalog.API.csproj", "{BFE175BC-BF44-4FCE-9F58-ACE1AB0F6E8C}"
EndProject
Project("{E53339B2-1760-4266-BCC7-CA923CBCF16C}") = "docker-compose", "docker-compose.dcproj", "{731E58FB-B659-4BBA-BD70-184B8374EBAA}"
EndProject
Project("{2150E333-8FDC-42A3-9474-1A3956D46DE8}") = "Basket", "Basket", "{2E3E8CB0-D75B-4D70-92BB-DF54787207CE}"
EndProject
Project("{9A19103F-16F7-4668-BE54-9A1E7A4F7556}") = "Basket.API", "Services\Basket\Basket.API\Basket.API.csproj", "{237659BC-56BC-4602-B27D-9FE6C225B5B8}"
EndProject
Project("{2150E333-8FDC-42A3-9474-1A3956D46DE8}") = "Discount", "Discount", "{4B3F5FBA-A2F8-44FF-8103-D33F4E309471}"
EndProject
Project("{9A19103F-16F7-4668-BE54-9A1E7A4F7556}") = "Discount.API", "Services\Discount\Discount.API\Discount.API.csproj", "{EF0F6B7B-616C-4E73-B359-89AC086BC54F}"
EndProject
Project("{9A19103F-16F7-4668-BE54-9A1E7A4F7556}") = "Discount.Grpc", "Services\Discount\Discount.Grpc\Discount.Grpc.csproj", "{942F033B-0719-493D-B6D3-DBDC33A9289F}"
EndProject
Project("{2150E333-8FDC-42A3-9474-1A3956D46DE8}") = "Ordering", "Ordering", "{4479DA31-4986-44C3-A04C-108E9CAE617A}"
EndProject
Project("{9A19103F-16F7-4668-BE54-9A1E7A4F7556}") = "Ordering.API", "Services\Ordering\Ordering.API\Ordering.API.csproj", "{C924068B-B28D-47D8-8749-4D61C768F6C5}"
EndProject
Project("{9A19103F-16F7-4668-BE54-9A1E7A4F7556}") = "Ordering.Domain", "Services\Ordering\Ordering.Domain\Ordering.Domain.csproj", "{BB9BA510-0AFE-4404-A26D-FFD41F1713B4}"
EndProject
Project("{9A19103F-16F7-4668-BE54-9A1E7A4F7556}") = "Ordering.Application", "Services\Ordering\Ordering.Application\Ordering.Application.csproj", "{DC5727BA-0BF6-459D-8574-2363BEC18AEE}"
EndProject
Project("{9A19103F-16F7-4668-BE54-9A1E7A4F7556}") = "Ordering.Infrastructure", "Services\Ordering\Ordering.Infrastructure\Ordering.Infrastructure.csproj", "{364EF10D-7F1A-452D-B8E7-00E3F3F73F55}"
EndProject
Project("{2150E333-8FDC-42A3-9474-1A3956D46DE8}") = "BuildingBlocks", "BuildingBlocks", "{417B1A46-70F0-4479-9DFC-C92B3D521CCE}"
EndProject
Project("{9A19103F-16F7-4668-BE54-9A1E7A4F7556}") = "EventBus.Messages", "BuildingBlocks\EventBus.Messages\EventBus.Messages.csproj", "{D84B4E11-63A1-42B4-B346-421252E51ECD}"
EndProject
Project("{2150E333-8FDC-42A3-9474-1A3956D46DE8}") = "ApiGateways", "ApiGateways", "{347AD070-7E1D-4AF1-89FE-14F6CD736418}"
EndProject
Project("{9A19103F-16F7-4668-BE54-9A1E7A4F7556}") = "OcelotApiGw", "ApiGateways\OcelotApiGw\OcelotApiGw.csproj", "{069A658A-E9E1-48F3-AE88-777865CD737F}"
EndProject
Project("{FAE04EC0-301F-11D3-BF4B-00C04F79EFBC}") = "Shopping.Aggregator", "ApiGateways\Shopping.Aggregator\Shopping.Aggregator.csproj", "{F2063891-0BE0-47AB-BA58-E6AFFBCB72B8}"
EndProject
Project("{2150E333-8FDC-42A3-9474-1A3956D46DE8}") = "WebApps", "WebApps", "{6235F533-05C0-40CE-832A-78DB2EA9655F}"
EndProject
Project("{9A19103F-16F7-4668-BE54-9A1E7A4F7556}") = "AspnetRunBasics", "WebApps\AspnetRunBasics\AspnetRunBasics.csproj", "{BA05856B-C1E1-41E3-BAE6-1B0A3C6EFCA4}"
EndProject
Global
	GlobalSection(SolutionConfigurationPlatforms) = preSolution
		Debug|Any CPU = Debug|Any CPU
		Release|Any CPU = Release|Any CPU
	EndGlobalSection
	GlobalSection(ProjectConfigurationPlatforms) = postSolution
		{BFE175BC-BF44-4FCE-9F58-ACE1AB0F6E8C}.Debug|Any CPU.ActiveCfg = Debug|Any CPU
		{BFE175BC-BF44-4FCE-9F58-ACE1AB0F6E8C}.Debug|Any CPU.Build.0 = Debug|Any CPU
		{BFE175BC-BF44-4FCE-9F58-ACE1AB0F6E8C}.Release|Any CPU.ActiveCfg = Release|Any CPU
		{BFE175BC-BF44-4FCE-9F58-ACE1AB0F6E8C}.Release|Any CPU.Build.0 = Release|Any CPU
		{731E58FB-B659-4BBA-BD70-184B8374EBAA}.Debug|Any CPU.ActiveCfg = Debug|Any CPU
		{731E58FB-B659-4BBA-BD70-184B8374EBAA}.Debug|Any CPU.Build.0 = Debug|Any CPU
		{731E58FB-B659-4BBA-BD70-184B8374EBAA}.Release|Any CPU.ActiveCfg = Release|Any CPU
		{731E58FB-B659-4BBA-BD70-184B8374EBAA}.Release|Any CPU.Build.0 = Release|Any CPU
		{237659BC-56BC-4602-B27D-9FE6C225B5B8}.Debug|Any CPU.ActiveCfg = Debug|Any CPU
		{237659BC-56BC-4602-B27D-9FE6C225B5B8}.Debug|Any CPU.Build.0 = Debug|Any CPU
		{237659BC-56BC-4602-B27D-9FE6C225B5B8}.Release|Any CPU.ActiveCfg = Release|Any CPU
		{237659BC-56BC-4602-B27D-9FE6C225B5B8}.Release|Any CPU.Build.0 = Release|Any CPU
		{EF0F6B7B-616C-4E73-B359-89AC086BC54F}.Debug|Any CPU.ActiveCfg = Debug|Any CPU
		{EF0F6B7B-616C-4E73-B359-89AC086BC54F}.Debug|Any CPU.Build.0 = Debug|Any CPU
		{EF0F6B7B-616C-4E73-B359-89AC086BC54F}.Release|Any CPU.ActiveCfg = Release|Any CPU
		{EF0F6B7B-616C-4E73-B359-89AC086BC54F}.Release|Any CPU.Build.0 = Release|Any CPU
		{942F033B-0719-493D-B6D3-DBDC33A9289F}.Debug|Any CPU.ActiveCfg = Debug|Any CPU
		{942F033B-0719-493D-B6D3-DBDC33A9289F}.Debug|Any CPU.Build.0 = Debug|Any CPU
		{942F033B-0719-493D-B6D3-DBDC33A9289F}.Release|Any CPU.ActiveCfg = Release|Any CPU
		{942F033B-0719-493D-B6D3-DBDC33A9289F}.Release|Any CPU.Build.0 = Release|Any CPU
		{C924068B-B28D-47D8-8749-4D61C768F6C5}.Debug|Any CPU.ActiveCfg = Debug|Any CPU
		{C924068B-B28D-47D8-8749-4D61C768F6C5}.Debug|Any CPU.Build.0 = Debug|Any CPU
		{C924068B-B28D-47D8-8749-4D61C768F6C5}.Release|Any CPU.ActiveCfg = Release|Any CPU
		{C924068B-B28D-47D8-8749-4D61C768F6C5}.Release|Any CPU.Build.0 = Release|Any CPU
		{BB9BA510-0AFE-4404-A26D-FFD41F1713B4}.Debug|Any CPU.ActiveCfg = Debug|Any CPU
		{BB9BA510-0AFE-4404-A26D-FFD41F1713B4}.Debug|Any CPU.Build.0 = Debug|Any CPU
		{BB9BA510-0AFE-4404-A26D-FFD41F1713B4}.Release|Any CPU.ActiveCfg = Release|Any CPU
		{BB9BA510-0AFE-4404-A26D-FFD41F1713B4}.Release|Any CPU.Build.0 = Release|Any CPU
		{DC5727BA-0BF6-459D-8574-2363BEC18AEE}.Debug|Any CPU.ActiveCfg = Debug|Any CPU
		{DC5727BA-0BF6-459D-8574-2363BEC18AEE}.Debug|Any CPU.Build.0 = Debug|Any CPU
		{DC5727BA-0BF6-459D-8574-2363BEC18AEE}.Release|Any CPU.ActiveCfg = Release|Any CPU
		{DC5727BA-0BF6-459D-8574-2363BEC18AEE}.Release|Any CPU.Build.0 = Release|Any CPU
		{364EF10D-7F1A-452D-B8E7-00E3F3F73F55}.Debug|Any CPU.ActiveCfg = Debug|Any CPU
		{364EF10D-7F1A-452D-B8E7-00E3F3F73F55}.Debug|Any CPU.Build.0 = Debug|Any CPU
		{364EF10D-7F1A-452D-B8E7-00E3F3F73F55}.Release|Any CPU.ActiveCfg = Release|Any CPU
		{364EF10D-7F1A-452D-B8E7-00E3F3F73F55}.Release|Any CPU.Build.0 = Release|Any CPU
		{D84B4E11-63A1-42B4-B346-421252E51ECD}.Debug|Any CPU.ActiveCfg = Debug|Any CPU
		{D84B4E11-63A1-42B4-B346-421252E51ECD}.Debug|Any CPU.Build.0 = Debug|Any CPU
		{D84B4E11-63A1-42B4-B346-421252E51ECD}.Release|Any CPU.ActiveCfg = Release|Any CPU
		{D84B4E11-63A1-42B4-B346-421252E51ECD}.Release|Any CPU.Build.0 = Release|Any CPU
		{069A658A-E9E1-48F3-AE88-777865CD737F}.Debug|Any CPU.ActiveCfg = Debug|Any CPU
		{069A658A-E9E1-48F3-AE88-777865CD737F}.Debug|Any CPU.Build.0 = Debug|Any CPU
		{069A658A-E9E1-48F3-AE88-777865CD737F}.Release|Any CPU.ActiveCfg = Release|Any CPU
		{069A658A-E9E1-48F3-AE88-777865CD737F}.Release|Any CPU.Build.0 = Release|Any CPU
		{F2063891-0BE0-47AB-BA58-E6AFFBCB72B8}.Debug|Any CPU.ActiveCfg = Debug|Any CPU
		{F2063891-0BE0-47AB-BA58-E6AFFBCB72B8}.Debug|Any CPU.Build.0 = Debug|Any CPU
		{F2063891-0BE0-47AB-BA58-E6AFFBCB72B8}.Release|Any CPU.ActiveCfg = Release|Any CPU
		{F2063891-0BE0-47AB-BA58-E6AFFBCB72B8}.Release|Any CPU.Build.0 = Release|Any CPU
		{BA05856B-C1E1-41E3-BAE6-1B0A3C6EFCA4}.Debug|Any CPU.ActiveCfg = Debug|Any CPU
		{BA05856B-C1E1-41E3-BAE6-1B0A3C6EFCA4}.Debug|Any CPU.Build.0 = Debug|Any CPU
		{BA05856B-C1E1-41E3-BAE6-1B0A3C6EFCA4}.Release|Any CPU.ActiveCfg = Release|Any CPU
		{BA05856B-C1E1-41E3-BAE6-1B0A3C6EFCA4}.Release|Any CPU.Build.0 = Release|Any CPU
	EndGlobalSection
	GlobalSection(SolutionProperties) = preSolution
		HideSolutionNode = FALSE
	EndGlobalSection
	GlobalSection(NestedProjects) = preSolution
		{D9F643F7-0223-42C9-B04A-2D285973F3CF} = {13FC8BC8-1519-48C9-80AB-4D10596F404F}
		{BFE175BC-BF44-4FCE-9F58-ACE1AB0F6E8C} = {D9F643F7-0223-42C9-B04A-2D285973F3CF}
		{2E3E8CB0-D75B-4D70-92BB-DF54787207CE} = {13FC8BC8-1519-48C9-80AB-4D10596F404F}
		{237659BC-56BC-4602-B27D-9FE6C225B5B8} = {2E3E8CB0-D75B-4D70-92BB-DF54787207CE}
		{4B3F5FBA-A2F8-44FF-8103-D33F4E309471} = {13FC8BC8-1519-48C9-80AB-4D10596F404F}
		{EF0F6B7B-616C-4E73-B359-89AC086BC54F} = {4B3F5FBA-A2F8-44FF-8103-D33F4E309471}
		{942F033B-0719-493D-B6D3-DBDC33A9289F} = {4B3F5FBA-A2F8-44FF-8103-D33F4E309471}
		{4479DA31-4986-44C3-A04C-108E9CAE617A} = {13FC8BC8-1519-48C9-80AB-4D10596F404F}
		{C924068B-B28D-47D8-8749-4D61C768F6C5} = {4479DA31-4986-44C3-A04C-108E9CAE617A}
		{BB9BA510-0AFE-4404-A26D-FFD41F1713B4} = {4479DA31-4986-44C3-A04C-108E9CAE617A}
		{DC5727BA-0BF6-459D-8574-2363BEC18AEE} = {4479DA31-4986-44C3-A04C-108E9CAE617A}
		{364EF10D-7F1A-452D-B8E7-00E3F3F73F55} = {4479DA31-4986-44C3-A04C-108E9CAE617A}
		{D84B4E11-63A1-42B4-B346-421252E51ECD} = {417B1A46-70F0-4479-9DFC-C92B3D521CCE}
		{069A658A-E9E1-48F3-AE88-777865CD737F} = {347AD070-7E1D-4AF1-89FE-14F6CD736418}
		{F2063891-0BE0-47AB-BA58-E6AFFBCB72B8} = {347AD070-7E1D-4AF1-89FE-14F6CD736418}
		{BA05856B-C1E1-41E3-BAE6-1B0A3C6EFCA4} = {6235F533-05C0-40CE-832A-78DB2EA9655F}
	EndGlobalSection
	GlobalSection(ExtensibilityGlobals) = postSolution
		SolutionGuid = {8C45B619-0EA2-4716-97CF-D57B67D3FD58}
	EndGlobalSection
EndGlobal
